dependencies:
- name: elasticsearch
  repository: file://../bitnami/elasticsearch
  version: 21.3.20
- name: mongodb
  repository: file://../bitnami/mongodb
  version: 15.6.26
- name: clickhouse
  repository: file://../bitnami/clickhouse
  version: 6.2.27
digest: sha256:40a45d7375f1598e20c18d3b466c068a8dc6d963c9056fb2da8b328dac57865a
generated: "2024-10-05T10:51:49.460577-05:00"
